
Microsoft Visual Studio Solution File, Format Version 12.00
# Visual Studio Version 16
VisualStudioVersion = 16.0.31313.79
MinimumVisualStudioVersion = 10.0.40219.1
Project("{8BC9CEB8-8B4A-11D0-8D11-00A0C91BC942}") = "Pong", "Pong\Pong.vcxproj", "{CDBF1189-833B-42F4-9ED7-F5D013BD640F}"
EndProject
Global
	GlobalSection(SolutionConfigurationPlatforms) = preSolution
		Debug|x64 = Debug|x64
		Debug|x86 = Debug|x86
		Release|x64 = Release|x64
		Release|x86 = Release|x86
	EndGlobalSection
	GlobalSection(ProjectConfigurationPlatforms) = postSolution
		{CDBF1189-833B-42F4-9ED7-F5D013BD640F}.Debug|x64.ActiveCfg = Debug|x64
		{CDBF1189-833B-42F4-9ED7-F5D013BD640F}.Debug|x64.Build.0 = Debug|x64
		{CDBF1189-833B-42F4-9ED7-F5D013BD640F}.Debug|x86.ActiveCfg = Debug|Win32
		{CDBF1189-833B-42F4-9ED7-F5D013BD640F}.Debug|x86.Build.0 = Debug|Win32
		{CDBF1189-833B-42F4-9ED7-F5D013BD640F}.Release|x64.ActiveCfg = Release|x64
		{CDBF1189-833B-42F4-9ED7-F5D013BD640F}.Release|x64.Build.0 = Release|x64
		{CDBF1189-833B-42F4-9ED7-F5D013BD640F}.Release|x86.ActiveCfg = Release|Win32
		{CDBF1189-833B-42F4-9ED7-F5D013BD640F}.Release|x86.Build.0 = Release|Win32
	EndGlobalSection
	GlobalSection(SolutionProperties) = preSolution
		HideSolutionNode = FALSE
	EndGlobalSection
	GlobalSection(ExtensibilityGlobals) = postSolution
		SolutionGuid = {05B445B8-21A9-4345-8168-D099E9C4DFA3}
	EndGlobalSection
EndGlobal
